{
  "name": "vite-plugin-chicory",
  "version": "0.0.1",
  "lockfileVersion": 3,
  "requires": true,
  "packages": {
    "": {
      "name": "vite-plugin-chicory",
      "version": "0.0.1",
      "license": "MIT",
      "dependencies": {
        "@chicory-lang/compiler": "^0.0.4"
      }
    },
    "node_modules/@chicory-lang/compiler": {
      "version": "0.0.4",
      "resolved": "https://registry.npmjs.org/@chicory-lang/compiler/-/compiler-0.0.4.tgz",
      "integrity": "sha512-b5sN1h58KsGETDHk0TyuyYpLF5U8wVdGG9SY5qBqyea8vQKAmRVvWI18ioTTHJ8u/bjcEKDGkbvYFGXszP59kg==",
      "dependencies": {
        "antlr4ng": "^3.0.14"
      }
    },
    "node_modules/antlr4ng": {
      "version": "3.0.15",
      "resolved": "https://registry.npmjs.org/antlr4ng/-/antlr4ng-3.0.15.tgz",
      "integrity": "sha512-VELFqTfcpGI2bj6ScMWuxM3FI6HOsojrgmnw3cCbUtsQ1DNOq32wJsjOt7vLvfIniyyuE1DIYegGcuFmn+jgyw=="
    }
  }
}
