{
  "name": "@chicory-lang/vite-plugin-chicory",
  "version": "0.0.3",
  "lockfileVersion": 3,
  "requires": true,
  "packages": {
    "": {
      "name": "@chicory-lang/vite-plugin-chicory",
      "version": "0.0.3",
      "license": "MIT",
      "dependencies": {
        "@chicory-lang/compiler": "^0.0.29"
      }
    },
    "node_modules/@chicory-lang/compiler": {
      "version": "0.0.29",
      "resolved": "https://registry.npmjs.org/@chicory-lang/compiler/-/compiler-0.0.29.tgz",
      "integrity": "sha512-1qFt4YX9Lm1RuGuH1ZZcsqZc+1MoBRKlzUZ9eyHvhAH0fARtI5V0wtxsl1eFUSNgXR+a/8Dig2YiQDHdINNKFw==",
      "dependencies": {
        "@webref/css": "^6.21.0",
        "@webref/elements": "^2.4.0",
        "@webref/idl": "^3.63.0",
        "antlr4ng": "^3.0.14"
      }
    },
    "node_modules/@webref/css": {
      "version": "6.21.1",
      "resolved": "https://registry.npmjs.org/@webref/css/-/css-6.21.1.tgz",
      "integrity": "sha512-IATwZkF8tK5SueyyF8VPKE7EhrjAeS5esmCVQqowNLSaW0Gpv5Z8ZzjCh1FPEKIGfCfhzYmSL+vMEPKfvE7wcg==",
      "peerDependencies": {
        "css-tree": "^3.1.0"
      }
    },
    "node_modules/@webref/elements": {
      "version": "2.4.0",
      "resolved": "https://registry.npmjs.org/@webref/elements/-/elements-2.4.0.tgz",
      "integrity": "sha512-KRD9xK9Wx6N1L0cVf1KiScmoyR5OCrM/tSCgJKFi5WdBZQ+aaIjqtkhU+STO2O9k2X1YiSRMC/+P4gNM1n4v9w=="
    },
    "node_modules/@webref/idl": {
      "version": "3.64.0",
      "resolved": "https://registry.npmjs.org/@webref/idl/-/idl-3.64.0.tgz",
      "integrity": "sha512-cNSin5QAkddjOOk8PeqUqyUDo+wTIyVazaGXjXrxQhTcXva3nIn+ac+rLiBgMLRirHCB5+6MDRkjmVx1rBkfkQ==",
      "peerDependencies": {
        "webidl2": "^24.4.1"
      }
    },
    "node_modules/antlr4ng": {
      "version": "3.0.15",
      "resolved": "https://registry.npmjs.org/antlr4ng/-/antlr4ng-3.0.15.tgz",
      "integrity": "sha512-VELFqTfcpGI2bj6ScMWuxM3FI6HOsojrgmnw3cCbUtsQ1DNOq32wJsjOt7vLvfIniyyuE1DIYegGcuFmn+jgyw=="
    },
    "node_modules/css-tree": {
      "version": "3.1.0",
      "resolved": "https://registry.npmjs.org/css-tree/-/css-tree-3.1.0.tgz",
      "integrity": "sha512-0eW44TGN5SQXU1mWSkKwFstI/22X2bG1nYzZTYMAWjylYURhse752YgbE4Cx46AC+bAvI+/dYTPRk1LqSUnu6w==",
      "peer": true,
      "dependencies": {
        "mdn-data": "2.12.2",
        "source-map-js": "^1.0.1"
      },
      "engines": {
        "node": "^10 || ^12.20.0 || ^14.13.0 || >=15.0.0"
      }
    },
    "node_modules/mdn-data": {
      "version": "2.12.2",
      "resolved": "https://registry.npmjs.org/mdn-data/-/mdn-data-2.12.2.tgz",
      "integrity": "sha512-IEn+pegP1aManZuckezWCO+XZQDplx1366JoVhTpMpBB1sPey/SbveZQUosKiKiGYjg1wH4pMlNgXbCiYgihQA==",
      "peer": true
    },
    "node_modules/source-map-js": {
      "version": "1.2.1",
      "resolved": "https://registry.npmjs.org/source-map-js/-/source-map-js-1.2.1.tgz",
      "integrity": "sha512-UXWMKhLOwVKb728IUtQPXxfYU+usdybtUrK/8uGE8CQMvrhOpwvzDBwj0QhSL7MQc7vIsISBG8VQ8+IDQxpfQA==",
      "peer": true,
      "engines": {
        "node": ">=0.10.0"
      }
    },
    "node_modules/webidl2": {
      "version": "24.4.1",
      "resolved": "https://registry.npmjs.org/webidl2/-/webidl2-24.4.1.tgz",
      "integrity": "sha512-cPToqvZlxTAlaMucZyU28XtFLJz3XPdTdIWK/r3IaP1jfkjqne3OTniJS8DZqfzee1aBUQn80d6s2vYert50kg==",
      "peer": true,
      "engines": {
        "node": ">= 14"
      }
    }
  }
}
